
Microsoft Visual Studio Solution File, Format Version 12.00
Project("{FAE04EC0-301F-11D3-BF4B-00C04F79EFBC}") = "Np.PostgreSQL", "Np.PostgreSQL\Np.PostgreSQL.csproj", "{70F13D9C-6085-4AFC-9114-086B5209CC95}"
EndProject
Global
	GlobalSection(SolutionConfigurationPlatforms) = preSolution
		Debug|Any CPU = Debug|Any CPU
		Release|Any CPU = Release|Any CPU
	EndGlobalSection
	GlobalSection(ProjectConfigurationPlatforms) = postSolution
		{70F13D9C-6085-4AFC-9114-086B5209CC95}.Debug|Any CPU.ActiveCfg = Debug|Any CPU
		{70F13D9C-6085-4AFC-9114-086B5209CC95}.Debug|Any CPU.Build.0 = Debug|Any CPU
		{70F13D9C-6085-4AFC-9114-086B5209CC95}.Release|Any CPU.ActiveCfg = Release|Any CPU
		{70F13D9C-6085-4AFC-9114-086B5209CC95}.Release|Any CPU.Build.0 = Release|Any CPU
	EndGlobalSection
EndGlobal
